
Microsoft Visual Studio Solution File, Format Version 12.00
# Visual Studio 15
VisualStudioVersion = 15.0.27130.2027
MinimumVisualStudioVersion = 10.0.40219.1
Project("{9A19103F-16F7-4668-BE54-9A1E7A4F7556}") = "ChillBot", "ChillBot\ChillBot.csproj", "{7F2B3FEB-5FAA-40ED-A9FB-633A895889D0}"
EndProject
Project("{2150E333-8FDC-42A3-9474-1A3956D46DE8}") = "Solution Items", "Solution Items", "{59D1465C-2D46-476F-BC04-C3539D5AC1AB}"
	ProjectSection(SolutionItems) = preProject
		README.md = README.md
	EndProjectSection
EndProject
Global
	GlobalSection(SolutionConfigurationPlatforms) = preSolution
		Debug|Any CPU = Debug|Any CPU
		Release|Any CPU = Release|Any CPU
	EndGlobalSection
	GlobalSection(ProjectConfigurationPlatforms) = postSolution
		{7F2B3FEB-5FAA-40ED-A9FB-633A895889D0}.Debug|Any CPU.ActiveCfg = Debug|Any CPU
		{7F2B3FEB-5FAA-40ED-A9FB-633A895889D0}.Debug|Any CPU.Build.0 = Debug|Any CPU
		{7F2B3FEB-5FAA-40ED-A9FB-633A895889D0}.Release|Any CPU.ActiveCfg = Release|Any CPU
		{7F2B3FEB-5FAA-40ED-A9FB-633A895889D0}.Release|Any CPU.Build.0 = Release|Any CPU
	EndGlobalSection
	GlobalSection(SolutionProperties) = preSolution
		HideSolutionNode = FALSE
	EndGlobalSection
	GlobalSection(ExtensibilityGlobals) = postSolution
		SolutionGuid = {36DEEAA7-C74B-4805-AF3C-36CC4EF15D02}
	EndGlobalSection
EndGlobal
